
Microsoft Visual Studio Solution File, Format Version 12.00
# Visual Studio Version 17
VisualStudioVersion = 17.10.35027.167
MinimumVisualStudioVersion = 10.0.40219.1
Project("{FAE04EC0-301F-11D3-BF4B-00C04F79EFBC}") = "TestPluginApp", "TestPluginApp\TestPluginApp.csproj", "{90D99433-AB9E-4C3B-83B8-7DCF67277F89}"
EndProject
Project("{FAE04EC0-301F-11D3-BF4B-00C04F79EFBC}") = "Core", "Core\Core.csproj", "{A466D011-8CDA-44E7-971C-0D87F84714CF}"
EndProject
Project("{2150E333-8FDC-42A3-9474-1A3956D46DE8}") = "Plugins", "Plugins", "{1036F065-9768-4874-A713-BBF889AFE12F}"
EndProject
Project("{9A19103F-16F7-4668-BE54-9A1E7A4F7556}") = "LowerCaseFormatterPlugin", "Plugins\LowerCaseFormatterPlugin\LowerCaseFormatterPlugin.csproj", "{46F0BB58-927D-43DB-A67B-38821D944B73}"
EndProject
Project("{9A19103F-16F7-4668-BE54-9A1E7A4F7556}") = "UpperCaseFormatterPlugin", "Plugins\UpperCaseFormaterPlugin\UpperCaseFormatterPlugin.csproj", "{6164F910-675A-448E-BDA8-74FC7311BB4F}"
EndProject
Global
	GlobalSection(SolutionConfigurationPlatforms) = preSolution
		Debug|Any CPU = Debug|Any CPU
		Release|Any CPU = Release|Any CPU
	EndGlobalSection
	GlobalSection(ProjectConfigurationPlatforms) = postSolution
		{90D99433-AB9E-4C3B-83B8-7DCF67277F89}.Debug|Any CPU.ActiveCfg = Debug|Any CPU
		{90D99433-AB9E-4C3B-83B8-7DCF67277F89}.Debug|Any CPU.Build.0 = Debug|Any CPU
		{90D99433-AB9E-4C3B-83B8-7DCF67277F89}.Release|Any CPU.ActiveCfg = Release|Any CPU
		{90D99433-AB9E-4C3B-83B8-7DCF67277F89}.Release|Any CPU.Build.0 = Release|Any CPU
		{A466D011-8CDA-44E7-971C-0D87F84714CF}.Debug|Any CPU.ActiveCfg = Debug|Any CPU
		{A466D011-8CDA-44E7-971C-0D87F84714CF}.Debug|Any CPU.Build.0 = Debug|Any CPU
		{A466D011-8CDA-44E7-971C-0D87F84714CF}.Release|Any CPU.ActiveCfg = Release|Any CPU
		{A466D011-8CDA-44E7-971C-0D87F84714CF}.Release|Any CPU.Build.0 = Release|Any CPU
		{46F0BB58-927D-43DB-A67B-38821D944B73}.Debug|Any CPU.ActiveCfg = Debug|Any CPU
		{46F0BB58-927D-43DB-A67B-38821D944B73}.Debug|Any CPU.Build.0 = Debug|Any CPU
		{46F0BB58-927D-43DB-A67B-38821D944B73}.Release|Any CPU.ActiveCfg = Release|Any CPU
		{46F0BB58-927D-43DB-A67B-38821D944B73}.Release|Any CPU.Build.0 = Release|Any CPU
		{6164F910-675A-448E-BDA8-74FC7311BB4F}.Debug|Any CPU.ActiveCfg = Debug|Any CPU
		{6164F910-675A-448E-BDA8-74FC7311BB4F}.Debug|Any CPU.Build.0 = Debug|Any CPU
		{6164F910-675A-448E-BDA8-74FC7311BB4F}.Release|Any CPU.ActiveCfg = Release|Any CPU
		{6164F910-675A-448E-BDA8-74FC7311BB4F}.Release|Any CPU.Build.0 = Release|Any CPU
	EndGlobalSection
	GlobalSection(SolutionProperties) = preSolution
		HideSolutionNode = FALSE
	EndGlobalSection
	GlobalSection(NestedProjects) = preSolution
		{46F0BB58-927D-43DB-A67B-38821D944B73} = {1036F065-9768-4874-A713-BBF889AFE12F}
		{6164F910-675A-448E-BDA8-74FC7311BB4F} = {1036F065-9768-4874-A713-BBF889AFE12F}
	EndGlobalSection
	GlobalSection(ExtensibilityGlobals) = postSolution
		SolutionGuid = {A25BA491-1AD9-494E-96C1-9078A758BFEF}
	EndGlobalSection
EndGlobal
