
Microsoft Visual Studio Solution File, Format Version 12.00
# Visual Studio Version 17
VisualStudioVersion = 17.10.35027.167
MinimumVisualStudioVersion = 10.0.40219.1
Project("{FAE04EC0-301F-11D3-BF4B-00C04F79EFBC}") = "TestPluginApp", "TestPluginApp\TestPluginApp.csproj", "{90D99433-AB9E-4C3B-83B8-7DCF67277F89}"
EndProject
Global
	GlobalSection(SolutionConfigurationPlatforms) = preSolution
		Debug|Any CPU = Debug|Any CPU
		Release|Any CPU = Release|Any CPU
	EndGlobalSection
	GlobalSection(ProjectConfigurationPlatforms) = postSolution
		{90D99433-AB9E-4C3B-83B8-7DCF67277F89}.Debug|Any CPU.ActiveCfg = Debug|Any CPU
		{90D99433-AB9E-4C3B-83B8-7DCF67277F89}.Debug|Any CPU.Build.0 = Debug|Any CPU
		{90D99433-AB9E-4C3B-83B8-7DCF67277F89}.Release|Any CPU.ActiveCfg = Release|Any CPU
		{90D99433-AB9E-4C3B-83B8-7DCF67277F89}.Release|Any CPU.Build.0 = Release|Any CPU
	EndGlobalSection
	GlobalSection(SolutionProperties) = preSolution
		HideSolutionNode = FALSE
	EndGlobalSection
	GlobalSection(ExtensibilityGlobals) = postSolution
		SolutionGuid = {A25BA491-1AD9-494E-96C1-9078A758BFEF}
	EndGlobalSection
EndGlobal
