
Microsoft Visual Studio Solution File, Format Version 12.00
# Visual Studio Version 17
VisualStudioVersion = 17.10.35027.167
MinimumVisualStudioVersion = 10.0.40219.1
Project("{9A19103F-16F7-4668-BE54-9A1E7A4F7556}") = "LowerCaseFormatterPlugin", "LowerCaseFormatterPlugin\LowerCaseFormatterPlugin.csproj", "{EBE797B9-258B-47BA-B1E0-43E75D634BBC}"
EndProject
Project("{9A19103F-16F7-4668-BE54-9A1E7A4F7556}") = "UpperCaseFormatterPlugin", "UpperCaseFormaterPlugin\UpperCaseFormatterPlugin.csproj", "{A8A9D181-1CA0-4BD5-BCB7-6FCB58ABBCD1}"
EndProject
Project("{9A19103F-16F7-4668-BE54-9A1E7A4F7556}") = "Core", "..\Core\Core.csproj", "{61CE9177-AC64-4831-81DE-9BFE0381B1B4}"
EndProject
Global
	GlobalSection(SolutionConfigurationPlatforms) = preSolution
		Debug|Any CPU = Debug|Any CPU
		Release|Any CPU = Release|Any CPU
	EndGlobalSection
	GlobalSection(ProjectConfigurationPlatforms) = postSolution
		{EBE797B9-258B-47BA-B1E0-43E75D634BBC}.Debug|Any CPU.ActiveCfg = Debug|Any CPU
		{EBE797B9-258B-47BA-B1E0-43E75D634BBC}.Debug|Any CPU.Build.0 = Debug|Any CPU
		{EBE797B9-258B-47BA-B1E0-43E75D634BBC}.Release|Any CPU.ActiveCfg = Release|Any CPU
		{EBE797B9-258B-47BA-B1E0-43E75D634BBC}.Release|Any CPU.Build.0 = Release|Any CPU
		{A8A9D181-1CA0-4BD5-BCB7-6FCB58ABBCD1}.Debug|Any CPU.ActiveCfg = Debug|Any CPU
		{A8A9D181-1CA0-4BD5-BCB7-6FCB58ABBCD1}.Debug|Any CPU.Build.0 = Debug|Any CPU
		{A8A9D181-1CA0-4BD5-BCB7-6FCB58ABBCD1}.Release|Any CPU.ActiveCfg = Release|Any CPU
		{A8A9D181-1CA0-4BD5-BCB7-6FCB58ABBCD1}.Release|Any CPU.Build.0 = Release|Any CPU
		{61CE9177-AC64-4831-81DE-9BFE0381B1B4}.Debug|Any CPU.ActiveCfg = Debug|Any CPU
		{61CE9177-AC64-4831-81DE-9BFE0381B1B4}.Debug|Any CPU.Build.0 = Debug|Any CPU
		{61CE9177-AC64-4831-81DE-9BFE0381B1B4}.Release|Any CPU.ActiveCfg = Release|Any CPU
		{61CE9177-AC64-4831-81DE-9BFE0381B1B4}.Release|Any CPU.Build.0 = Release|Any CPU
	EndGlobalSection
	GlobalSection(SolutionProperties) = preSolution
		HideSolutionNode = FALSE
	EndGlobalSection
	GlobalSection(ExtensibilityGlobals) = postSolution
		SolutionGuid = {A25BA491-1AD9-494E-96C1-9078A758BFEF}
	EndGlobalSection
EndGlobal
